
Microsoft Visual Studio Solution File, Format Version 12.00
# Visual Studio Version 17
VisualStudioVersion = 17.5.33530.505
MinimumVisualStudioVersion = 10.0.40219.1
Project("{FAE04EC0-301F-11D3-BF4B-00C04F79EFBC}") = "Exam", "Exam\Exam.csproj", "{72CCF3AA-1B3E-453E-A6F8-D9742B948BDF}"
EndProject
Global
	GlobalSection(SolutionConfigurationPlatforms) = preSolution
		Debug|Any CPU = Debug|Any CPU
		Release|Any CPU = Release|Any CPU
	EndGlobalSection
	GlobalSection(ProjectConfigurationPlatforms) = postSolution
		{72CCF3AA-1B3E-453E-A6F8-D9742B948BDF}.Debug|Any CPU.ActiveCfg = Debug|Any CPU
		{72CCF3AA-1B3E-453E-A6F8-D9742B948BDF}.Debug|Any CPU.Build.0 = Debug|Any CPU
		{72CCF3AA-1B3E-453E-A6F8-D9742B948BDF}.Release|Any CPU.ActiveCfg = Release|Any CPU
		{72CCF3AA-1B3E-453E-A6F8-D9742B948BDF}.Release|Any CPU.Build.0 = Release|Any CPU
	EndGlobalSection
	GlobalSection(SolutionProperties) = preSolution
		HideSolutionNode = FALSE
	EndGlobalSection
	GlobalSection(ExtensibilityGlobals) = postSolution
		SolutionGuid = {8AF255D7-661B-4972-AD26-8392BF53B7F6}
	EndGlobalSection
EndGlobal
